
Microsoft Visual Studio Solution File, Format Version 12.00
# Visual Studio 15
VisualStudioVersion = 15.0.27004.2009
MinimumVisualStudioVersion = 10.0.40219.1
Project("{FAE04EC0-301F-11D3-BF4B-00C04F79EFBC}") = "Letterpress", "Letterpress\Letterpress.csproj", "{012C564A-0F76-4991-BE72-FE3057A15BA2}"
EndProject
Project("{FAE04EC0-301F-11D3-BF4B-00C04F79EFBC}") = "LetterpressControl", "LetterpressControl\LetterpressControl.csproj", "{558BD4D2-631D-4425-A7E2-B83BFDDB0F66}"
EndProject
Project("{FAE04EC0-301F-11D3-BF4B-00C04F79EFBC}") = "LetterpressManager", "LetterpressManager\LetterpressManager.csproj", "{B278798B-EF7E-4E5D-B511-1706E39D3AB2}"
EndProject
Global
	GlobalSection(SolutionConfigurationPlatforms) = preSolution
		Debug|Any CPU = Debug|Any CPU
		Release|Any CPU = Release|Any CPU
	EndGlobalSection
	GlobalSection(ProjectConfigurationPlatforms) = postSolution
		{012C564A-0F76-4991-BE72-FE3057A15BA2}.Debug|Any CPU.ActiveCfg = Debug|Any CPU
		{012C564A-0F76-4991-BE72-FE3057A15BA2}.Debug|Any CPU.Build.0 = Debug|Any CPU
		{012C564A-0F76-4991-BE72-FE3057A15BA2}.Release|Any CPU.ActiveCfg = Release|Any CPU
		{012C564A-0F76-4991-BE72-FE3057A15BA2}.Release|Any CPU.Build.0 = Release|Any CPU
		{558BD4D2-631D-4425-A7E2-B83BFDDB0F66}.Debug|Any CPU.ActiveCfg = Debug|Any CPU
		{558BD4D2-631D-4425-A7E2-B83BFDDB0F66}.Debug|Any CPU.Build.0 = Debug|Any CPU
		{558BD4D2-631D-4425-A7E2-B83BFDDB0F66}.Release|Any CPU.ActiveCfg = Release|Any CPU
		{558BD4D2-631D-4425-A7E2-B83BFDDB0F66}.Release|Any CPU.Build.0 = Release|Any CPU
		{B278798B-EF7E-4E5D-B511-1706E39D3AB2}.Debug|Any CPU.ActiveCfg = Debug|Any CPU
		{B278798B-EF7E-4E5D-B511-1706E39D3AB2}.Debug|Any CPU.Build.0 = Debug|Any CPU
		{B278798B-EF7E-4E5D-B511-1706E39D3AB2}.Release|Any CPU.ActiveCfg = Release|Any CPU
		{B278798B-EF7E-4E5D-B511-1706E39D3AB2}.Release|Any CPU.Build.0 = Release|Any CPU
	EndGlobalSection
	GlobalSection(SolutionProperties) = preSolution
		HideSolutionNode = FALSE
	EndGlobalSection
	GlobalSection(ExtensibilityGlobals) = postSolution
		SolutionGuid = {62832997-84AE-4F2A-96B5-E484EA99C03E}
	EndGlobalSection
EndGlobal
